
Microsoft Visual Studio Solution File, Format Version 12.00
# Visual Studio Version 16
VisualStudioVersion = 16.0.31112.23
MinimumVisualStudioVersion = 10.0.40219.1
Project("{FAE04EC0-301F-11D3-BF4B-00C04F79EFBC}") = "EmpWageOOPS", "EmpWageOOPS.csproj", "{1C660706-E7EA-4F2B-8C5E-9FC203F50767}"
EndProject
Global
	GlobalSection(SolutionConfigurationPlatforms) = preSolution
		Debug|Any CPU = Debug|Any CPU
		Release|Any CPU = Release|Any CPU
	EndGlobalSection
	GlobalSection(ProjectConfigurationPlatforms) = postSolution
		{1C660706-E7EA-4F2B-8C5E-9FC203F50767}.Debug|Any CPU.ActiveCfg = Debug|Any CPU
		{1C660706-E7EA-4F2B-8C5E-9FC203F50767}.Debug|Any CPU.Build.0 = Debug|Any CPU
		{1C660706-E7EA-4F2B-8C5E-9FC203F50767}.Release|Any CPU.ActiveCfg = Release|Any CPU
		{1C660706-E7EA-4F2B-8C5E-9FC203F50767}.Release|Any CPU.Build.0 = Release|Any CPU
	EndGlobalSection
	GlobalSection(SolutionProperties) = preSolution
		HideSolutionNode = FALSE
	EndGlobalSection
	GlobalSection(ExtensibilityGlobals) = postSolution
		SolutionGuid = {E59AD183-31C0-4721-9AED-EE7AD48B5475}
	EndGlobalSection
EndGlobal
